
Microsoft Visual Studio Solution File, Format Version 12.00
# Visual Studio Version 17
VisualStudioVersion = 17.13.35825.156
MinimumVisualStudioVersion = 10.0.40219.1
Project("{FAE04EC0-301F-11D3-BF4B-00C04F79EFBC}") = "QuanLyLoTrinhXeBuyt", "QuanLyLoTrinhXeBuyt\QuanLyLoTrinhXeBuyt.csproj", "{31B25827-C0DB-42DD-94A0-B58002A969D2}"
EndProject
Global
	GlobalSection(SolutionConfigurationPlatforms) = preSolution
		Debug|Any CPU = Debug|Any CPU
		Release|Any CPU = Release|Any CPU
	EndGlobalSection
	GlobalSection(ProjectConfigurationPlatforms) = postSolution
		{31B25827-C0DB-42DD-94A0-B58002A969D2}.Debug|Any CPU.ActiveCfg = Debug|Any CPU
		{31B25827-C0DB-42DD-94A0-B58002A969D2}.Debug|Any CPU.Build.0 = Debug|Any CPU
		{31B25827-C0DB-42DD-94A0-B58002A969D2}.Release|Any CPU.ActiveCfg = Debug|Any CPU
		{31B25827-C0DB-42DD-94A0-B58002A969D2}.Release|Any CPU.Build.0 = Debug|Any CPU
	EndGlobalSection
	GlobalSection(SolutionProperties) = preSolution
		HideSolutionNode = FALSE
	EndGlobalSection
	GlobalSection(ExtensibilityGlobals) = postSolution
		SolutionGuid = {3CAA2B54-3EF6-46EB-ABCC-0096885C1791}
	EndGlobalSection
EndGlobal
